
Microsoft Visual Studio Solution File, Format Version 12.00
# Visual Studio Version 17
VisualStudioVersion = 17.6.33815.320
MinimumVisualStudioVersion = 10.0.40219.1
Project("{FAE04EC0-301F-11D3-BF4B-00C04F79EFBC}") = "EXERCICIO QUARTA AULA2", "EXERCICIO QUARTA AULA2\EXERCICIO QUARTA AULA2.csproj", "{44AE2DFB-47D6-45BD-B5D6-AA9B0C4AEC78}"
EndProject
Global
	GlobalSection(SolutionConfigurationPlatforms) = preSolution
		Debug|Any CPU = Debug|Any CPU
		Release|Any CPU = Release|Any CPU
	EndGlobalSection
	GlobalSection(ProjectConfigurationPlatforms) = postSolution
		{44AE2DFB-47D6-45BD-B5D6-AA9B0C4AEC78}.Debug|Any CPU.ActiveCfg = Debug|Any CPU
		{44AE2DFB-47D6-45BD-B5D6-AA9B0C4AEC78}.Debug|Any CPU.Build.0 = Debug|Any CPU
		{44AE2DFB-47D6-45BD-B5D6-AA9B0C4AEC78}.Release|Any CPU.ActiveCfg = Release|Any CPU
		{44AE2DFB-47D6-45BD-B5D6-AA9B0C4AEC78}.Release|Any CPU.Build.0 = Release|Any CPU
	EndGlobalSection
	GlobalSection(SolutionProperties) = preSolution
		HideSolutionNode = FALSE
	EndGlobalSection
	GlobalSection(ExtensibilityGlobals) = postSolution
		SolutionGuid = {2F15A9A3-FDDF-414B-8276-C9A76A767D8F}
	EndGlobalSection
EndGlobal
