
Microsoft Visual Studio Solution File, Format Version 12.00
# Visual Studio Version 17
VisualStudioVersion = 17.6.33815.320
MinimumVisualStudioVersion = 10.0.40219.1
Project("{FAE04EC0-301F-11D3-BF4B-00C04F79EFBC}") = "QUARTA AULA", "QUARTA AULA\QUARTA AULA.csproj", "{E0B2E329-D90D-4D71-91EB-CECA79B94D62}"
EndProject
Global
	GlobalSection(SolutionConfigurationPlatforms) = preSolution
		Debug|Any CPU = Debug|Any CPU
		Release|Any CPU = Release|Any CPU
	EndGlobalSection
	GlobalSection(ProjectConfigurationPlatforms) = postSolution
		{E0B2E329-D90D-4D71-91EB-CECA79B94D62}.Debug|Any CPU.ActiveCfg = Debug|Any CPU
		{E0B2E329-D90D-4D71-91EB-CECA79B94D62}.Debug|Any CPU.Build.0 = Debug|Any CPU
		{E0B2E329-D90D-4D71-91EB-CECA79B94D62}.Release|Any CPU.ActiveCfg = Release|Any CPU
		{E0B2E329-D90D-4D71-91EB-CECA79B94D62}.Release|Any CPU.Build.0 = Release|Any CPU
	EndGlobalSection
	GlobalSection(SolutionProperties) = preSolution
		HideSolutionNode = FALSE
	EndGlobalSection
	GlobalSection(ExtensibilityGlobals) = postSolution
		SolutionGuid = {0458859C-2055-48EF-9BE3-58E226BD67E0}
	EndGlobalSection
EndGlobal
