
Microsoft Visual Studio Solution File, Format Version 12.00
# Visual Studio Version 17
VisualStudioVersion = 17.6.33815.320
MinimumVisualStudioVersion = 10.0.40219.1
Project("{FAE04EC0-301F-11D3-BF4B-00C04F79EFBC}") = "ConsoleApp11", "ConsoleApp11\ConsoleApp11.csproj", "{7DB41772-D434-438E-897B-49437B3A706D}"
EndProject
Global
	GlobalSection(SolutionConfigurationPlatforms) = preSolution
		Debug|Any CPU = Debug|Any CPU
		Release|Any CPU = Release|Any CPU
	EndGlobalSection
	GlobalSection(ProjectConfigurationPlatforms) = postSolution
		{7DB41772-D434-438E-897B-49437B3A706D}.Debug|Any CPU.ActiveCfg = Debug|Any CPU
		{7DB41772-D434-438E-897B-49437B3A706D}.Debug|Any CPU.Build.0 = Debug|Any CPU
		{7DB41772-D434-438E-897B-49437B3A706D}.Release|Any CPU.ActiveCfg = Release|Any CPU
		{7DB41772-D434-438E-897B-49437B3A706D}.Release|Any CPU.Build.0 = Release|Any CPU
	EndGlobalSection
	GlobalSection(SolutionProperties) = preSolution
		HideSolutionNode = FALSE
	EndGlobalSection
	GlobalSection(ExtensibilityGlobals) = postSolution
		SolutionGuid = {44C440F2-AF59-4537-A2AB-371553A4B8C6}
	EndGlobalSection
EndGlobal
