
Microsoft Visual Studio Solution File, Format Version 12.00
# Visual Studio Version 17
VisualStudioVersion = 17.6.33815.320
MinimumVisualStudioVersion = 10.0.40219.1
Project("{FAE04EC0-301F-11D3-BF4B-00C04F79EFBC}") = "ConsoleApp3", "ConsoleApp3\ConsoleApp3.csproj", "{B0DCCE7B-05EA-4598-9CD8-0157CC2D0837}"
EndProject
Global
	GlobalSection(SolutionConfigurationPlatforms) = preSolution
		Debug|Any CPU = Debug|Any CPU
		Release|Any CPU = Release|Any CPU
	EndGlobalSection
	GlobalSection(ProjectConfigurationPlatforms) = postSolution
		{B0DCCE7B-05EA-4598-9CD8-0157CC2D0837}.Debug|Any CPU.ActiveCfg = Debug|Any CPU
		{B0DCCE7B-05EA-4598-9CD8-0157CC2D0837}.Debug|Any CPU.Build.0 = Debug|Any CPU
		{B0DCCE7B-05EA-4598-9CD8-0157CC2D0837}.Release|Any CPU.ActiveCfg = Release|Any CPU
		{B0DCCE7B-05EA-4598-9CD8-0157CC2D0837}.Release|Any CPU.Build.0 = Release|Any CPU
	EndGlobalSection
	GlobalSection(SolutionProperties) = preSolution
		HideSolutionNode = FALSE
	EndGlobalSection
	GlobalSection(ExtensibilityGlobals) = postSolution
		SolutionGuid = {EA061BEA-05AA-441C-9B82-E17CA43ECD0F}
	EndGlobalSection
EndGlobal
